
Microsoft Visual Studio Solution File, Format Version 12.00
# Visual Studio Version 17
VisualStudioVersion = 17.5.33530.505
MinimumVisualStudioVersion = 10.0.40219.1
Project("{9A19103F-16F7-4668-BE54-9A1E7A4F7556}") = "SnippetMaker", "SnippetMaker.csproj", "{DF43FC95-5687-4B54-9ADA-5E1B32F6C083}"
EndProject
Project("{2150E333-8FDC-42A3-9474-1A3956D46DE8}") = "Solution Items", "Solution Items", "{1B53310E-5E00-4D70-83D9-87D2AF6DF886}"
	ProjectSection(SolutionItems) = preProject
		.editorconfig = .editorconfig
	EndProjectSection
EndProject
Global
	GlobalSection(SolutionConfigurationPlatforms) = preSolution
		Debug|Any CPU = Debug|Any CPU
		Release|Any CPU = Release|Any CPU
	EndGlobalSection
	GlobalSection(ProjectConfigurationPlatforms) = postSolution
		{DF43FC95-5687-4B54-9ADA-5E1B32F6C083}.Debug|Any CPU.ActiveCfg = Debug|Any CPU
		{DF43FC95-5687-4B54-9ADA-5E1B32F6C083}.Debug|Any CPU.Build.0 = Debug|Any CPU
		{DF43FC95-5687-4B54-9ADA-5E1B32F6C083}.Release|Any CPU.ActiveCfg = Release|Any CPU
		{DF43FC95-5687-4B54-9ADA-5E1B32F6C083}.Release|Any CPU.Build.0 = Release|Any CPU
	EndGlobalSection
	GlobalSection(SolutionProperties) = preSolution
		HideSolutionNode = FALSE
	EndGlobalSection
	GlobalSection(ExtensibilityGlobals) = postSolution
		SolutionGuid = {6C4979DE-B6D5-4C76-867B-B7A042A2E2EE}
	EndGlobalSection
EndGlobal
